
Microsoft Visual Studio Solution File, Format Version 12.00
# Visual Studio Version 16
VisualStudioVersion = 16.0.29326.143
MinimumVisualStudioVersion = 10.0.40219.1
Project("{FAE04EC0-301F-11D3-BF4B-00C04F79EFBC}") = "ProjectGrapher", "ProjectGrapher\ProjectGrapher.csproj", "{7281BF47-993F-4C44-9BAE-73BBF570302E}"
EndProject
Global
	GlobalSection(SolutionConfigurationPlatforms) = preSolution
		Debug|Any CPU = Debug|Any CPU
		Release|Any CPU = Release|Any CPU
	EndGlobalSection
	GlobalSection(ProjectConfigurationPlatforms) = postSolution
		{7281BF47-993F-4C44-9BAE-73BBF570302E}.Debug|Any CPU.ActiveCfg = Debug|Any CPU
		{7281BF47-993F-4C44-9BAE-73BBF570302E}.Debug|Any CPU.Build.0 = Debug|Any CPU
		{7281BF47-993F-4C44-9BAE-73BBF570302E}.Release|Any CPU.ActiveCfg = Release|Any CPU
		{7281BF47-993F-4C44-9BAE-73BBF570302E}.Release|Any CPU.Build.0 = Release|Any CPU
	EndGlobalSection
	GlobalSection(SolutionProperties) = preSolution
		HideSolutionNode = FALSE
	EndGlobalSection
	GlobalSection(ExtensibilityGlobals) = postSolution
		SolutionGuid = {5C22AF70-77D5-4CD1-920B-060E89E899B6}
	EndGlobalSection
EndGlobal
